
Microsoft Visual Studio Solution File, Format Version 10.00
# Visual Studio 2008
Project("{FAE04EC0-301F-11D3-BF4B-00C04F79EFBC}") = "NHL_STAT2", "NHL_STAT2\NHL_STAT2.csproj", "{2BC8E641-7A94-43E4-A394-4D9DE5E499B0}"
EndProject
Global
	GlobalSection(SolutionConfigurationPlatforms) = preSolution
		Debug|Any CPU = Debug|Any CPU
		Release|Any CPU = Release|Any CPU
	EndGlobalSection
	GlobalSection(ProjectConfigurationPlatforms) = postSolution
		{2BC8E641-7A94-43E4-A394-4D9DE5E499B0}.Debug|Any CPU.ActiveCfg = Debug|Any CPU
		{2BC8E641-7A94-43E4-A394-4D9DE5E499B0}.Debug|Any CPU.Build.0 = Debug|Any CPU
		{2BC8E641-7A94-43E4-A394-4D9DE5E499B0}.Release|Any CPU.ActiveCfg = Release|Any CPU
		{2BC8E641-7A94-43E4-A394-4D9DE5E499B0}.Release|Any CPU.Build.0 = Release|Any CPU
	EndGlobalSection
	GlobalSection(SolutionProperties) = preSolution
		HideSolutionNode = FALSE
	EndGlobalSection
EndGlobal
